
Microsoft Visual Studio Solution File, Format Version 12.00
# Visual Studio Version 17
VisualStudioVersion = 17.3.32929.385
MinimumVisualStudioVersion = 10.0.40219.1
Project("{9A19103F-16F7-4668-BE54-9A1E7A4F7556}") = "Website", "Website\Website.csproj", "{09D2C9B9-F737-40C2-852F-FC9635B91484}"
EndProject
Global
	GlobalSection(SolutionConfigurationPlatforms) = preSolution
		Debug|Any CPU = Debug|Any CPU
		Release|Any CPU = Release|Any CPU
	EndGlobalSection
	GlobalSection(ProjectConfigurationPlatforms) = postSolution
		{09D2C9B9-F737-40C2-852F-FC9635B91484}.Debug|Any CPU.ActiveCfg = Debug|Any CPU
		{09D2C9B9-F737-40C2-852F-FC9635B91484}.Debug|Any CPU.Build.0 = Debug|Any CPU
		{09D2C9B9-F737-40C2-852F-FC9635B91484}.Release|Any CPU.ActiveCfg = Release|Any CPU
		{09D2C9B9-F737-40C2-852F-FC9635B91484}.Release|Any CPU.Build.0 = Release|Any CPU
	EndGlobalSection
	GlobalSection(SolutionProperties) = preSolution
		HideSolutionNode = FALSE
	EndGlobalSection
	GlobalSection(ExtensibilityGlobals) = postSolution
		SolutionGuid = {6D23E4D9-F5A0-42C6-AAD6-B5ADCC1CD543}
	EndGlobalSection
EndGlobal
